
Microsoft Visual Studio Solution File, Format Version 12.00
# Visual Studio Version 17
VisualStudioVersion = 17.2.32616.157
MinimumVisualStudioVersion = 10.0.40219.1
Project("{FAE04EC0-301F-11D3-BF4B-00C04F79EFBC}") = "DependencyInjection", "DependencyInjection.csproj", "{F82940BF-AD02-405D-8675-1D448E783B81}"
EndProject
Global
	GlobalSection(SolutionConfigurationPlatforms) = preSolution
		Debug|Any CPU = Debug|Any CPU
		Release|Any CPU = Release|Any CPU
	EndGlobalSection
	GlobalSection(ProjectConfigurationPlatforms) = postSolution
		{F82940BF-AD02-405D-8675-1D448E783B81}.Debug|Any CPU.ActiveCfg = Debug|Any CPU
		{F82940BF-AD02-405D-8675-1D448E783B81}.Debug|Any CPU.Build.0 = Debug|Any CPU
		{F82940BF-AD02-405D-8675-1D448E783B81}.Release|Any CPU.ActiveCfg = Release|Any CPU
		{F82940BF-AD02-405D-8675-1D448E783B81}.Release|Any CPU.Build.0 = Release|Any CPU
	EndGlobalSection
	GlobalSection(SolutionProperties) = preSolution
		HideSolutionNode = FALSE
	EndGlobalSection
	GlobalSection(ExtensibilityGlobals) = postSolution
		SolutionGuid = {64D6F9C3-94DA-43D0-BC86-6F30304C75E9}
	EndGlobalSection
EndGlobal
